Microsoft Visual Studio Solution File, Format Version 12.00
# Visual Studio 14
VisualStudioVersion = 14.0.25420.1
MinimumVisualStudioVersion = 10.0.40219.1
Project("{FAE04EC0-301F-11D3-BF4B-00C04F79EFBC}") = "Augment", "Augment\Augment.csproj", "{937B672A-3534-480F-B9B2-34E1094BDDAD}"
EndProject
Project("{FAE04EC0-301F-11D3-BF4B-00C04F79EFBC}") = "Augment.Tests", "AugmentTests\Augment.Tests.csproj", "{01B3740F-61BA-4F73-8F6D-63806A333689}"
EndProject
Project("{FAE04EC0-301F-11D3-BF4B-00C04F79EFBC}") = "Augment.Caching", "Augment.Caching\Augment.Caching.csproj", "{B9F72F9D-FADA-4ABB-B7E6-438CDAB744C4}"
EndProject
Project("{FAE04EC0-301F-11D3-BF4B-00C04F79EFBC}") = "Augment.Mailing", "Augment.Mailing\Augment.Mailing.csproj", "{810420E6-E3AE-4FB0-A3F8-9AC1820B8FCC}"
EndProject
Project("{2150E333-8FDC-42A3-9474-1A3956D46DE8}") = "SolutionItems", "SolutionItems", "{58F9C475-3E8B-469E-81F2-97CB871CA232}"
	ProjectSection(SolutionItems) = preProject
		build.bat = build.bat
		build.ps1 = build.ps1
		build.psake.ps1 = build.psake.ps1
		README.md = README.md
	EndProjectSection
EndProject
Project("{FAE04EC0-301F-11D3-BF4B-00C04F79EFBC}") = "Augment.Json", "Augment.Json\Augment.Json.csproj", "{401CAD13-D083-40E8-A6FA-26667867CC20}"
EndProject
Global
	GlobalSection(SolutionConfigurationPlatforms) = preSolution
		Debug|Any CPU = Debug|Any CPU
		Release|Any CPU = Release|Any CPU
	EndGlobalSection
	GlobalSection(ProjectConfigurationPlatforms) = postSolution
		{937B672A-3534-480F-B9B2-34E1094BDDAD}.Debug|Any CPU.ActiveCfg = Debug|Any CPU
		{937B672A-3534-480F-B9B2-34E1094BDDAD}.Debug|Any CPU.Build.0 = Debug|Any CPU
		{937B672A-3534-480F-B9B2-34E1094BDDAD}.Release|Any CPU.ActiveCfg = Release|Any CPU
		{937B672A-3534-480F-B9B2-34E1094BDDAD}.Release|Any CPU.Build.0 = Release|Any CPU
		{01B3740F-61BA-4F73-8F6D-63806A333689}.Debug|Any CPU.ActiveCfg = Debug|Any CPU
		{01B3740F-61BA-4F73-8F6D-63806A333689}.Debug|Any CPU.Build.0 = Debug|Any CPU
		{01B3740F-61BA-4F73-8F6D-63806A333689}.Release|Any CPU.ActiveCfg = Release|Any CPU
		{01B3740F-61BA-4F73-8F6D-63806A333689}.Release|Any CPU.Build.0 = Release|Any CPU
		{B9F72F9D-FADA-4ABB-B7E6-438CDAB744C4}.Debug|Any CPU.ActiveCfg = Debug|Any CPU
		{B9F72F9D-FADA-4ABB-B7E6-438CDAB744C4}.Debug|Any CPU.Build.0 = Debug|Any CPU
		{B9F72F9D-FADA-4ABB-B7E6-438CDAB744C4}.Release|Any CPU.ActiveCfg = Release|Any CPU
		{B9F72F9D-FADA-4ABB-B7E6-438CDAB744C4}.Release|Any CPU.Build.0 = Release|Any CPU
		{810420E6-E3AE-4FB0-A3F8-9AC1820B8FCC}.Debug|Any CPU.ActiveCfg = Debug|Any CPU
		{810420E6-E3AE-4FB0-A3F8-9AC1820B8FCC}.Debug|Any CPU.Build.0 = Debug|Any CPU
		{810420E6-E3AE-4FB0-A3F8-9AC1820B8FCC}.Release|Any CPU.ActiveCfg = Release|Any CPU
		{810420E6-E3AE-4FB0-A3F8-9AC1820B8FCC}.Release|Any CPU.Build.0 = Release|Any CPU
		{401CAD13-D083-40E8-A6FA-26667867CC20}.Debug|Any CPU.ActiveCfg = Debug|Any CPU
		{401CAD13-D083-40E8-A6FA-26667867CC20}.Debug|Any CPU.Build.0 = Debug|Any CPU
		{401CAD13-D083-40E8-A6FA-26667867CC20}.Release|Any CPU.ActiveCfg = Release|Any CPU
		{401CAD13-D083-40E8-A6FA-26667867CC20}.Release|Any CPU.Build.0 = Release|Any CPU
	EndGlobalSection
	GlobalSection(SolutionProperties) = preSolution
		HideSolutionNode = FALSE
	EndGlobalSection
EndGlobal
