Microsoft Visual Studio Solution File, Format Version 12.00
# Visual Studio 15
VisualStudioVersion = 15.0.26228.12
MinimumVisualStudioVersion = 10.0.40219.1
Project("{9A19103F-16F7-4668-BE54-9A1E7A4F7556}") = "Augment", "Augment\Augment.csproj", "{937B672A-3534-480F-B9B2-34E1094BDDAD}"
EndProject
Project("{2150E333-8FDC-42A3-9474-1A3956D46DE8}") = "SolutionItems", "SolutionItems", "{58F9C475-3E8B-469E-81F2-97CB871CA232}"
	ProjectSection(SolutionItems) = preProject
		build.bat = build.bat
		build.ps1 = build.ps1
		build.psake.ps1 = build.psake.ps1
		README.md = README.md
	EndProjectSection
EndProject
Project("{FAE04EC0-301F-11D3-BF4B-00C04F79EFBC}") = "Augment.Tests", "AugmentTests\Augment.Tests.csproj", "{01B3740F-61BA-4F73-8F6D-63806A333689}"
EndProject
Project("{9A19103F-16F7-4668-BE54-9A1E7A4F7556}") = "Augment.SqlServer", "Augment.SqlServer\Augment.SqlServer.csproj", "{608DC7FC-DDD7-44B5-B6A7-CF3596DFB8CA}"
EndProject
Project("{9A19103F-16F7-4668-BE54-9A1E7A4F7556}") = "Augment.Caching", "Augment.Caching\Augment.Caching.csproj", "{827D75C1-BD27-44B0-99EB-5FEA0491CDFF}"
EndProject
Global
	GlobalSection(SolutionConfigurationPlatforms) = preSolution
		Debug|Any CPU = Debug|Any CPU
		Release|Any CPU = Release|Any CPU
	EndGlobalSection
	GlobalSection(ProjectConfigurationPlatforms) = postSolution
		{937B672A-3534-480F-B9B2-34E1094BDDAD}.Debug|Any CPU.ActiveCfg = Debug|Any CPU
		{937B672A-3534-480F-B9B2-34E1094BDDAD}.Debug|Any CPU.Build.0 = Debug|Any CPU
		{937B672A-3534-480F-B9B2-34E1094BDDAD}.Release|Any CPU.ActiveCfg = Release|Any CPU
		{937B672A-3534-480F-B9B2-34E1094BDDAD}.Release|Any CPU.Build.0 = Release|Any CPU
		{01B3740F-61BA-4F73-8F6D-63806A333689}.Debug|Any CPU.ActiveCfg = Debug|Any CPU
		{01B3740F-61BA-4F73-8F6D-63806A333689}.Debug|Any CPU.Build.0 = Debug|Any CPU
		{01B3740F-61BA-4F73-8F6D-63806A333689}.Release|Any CPU.ActiveCfg = Release|Any CPU
		{01B3740F-61BA-4F73-8F6D-63806A333689}.Release|Any CPU.Build.0 = Release|Any CPU
		{608DC7FC-DDD7-44B5-B6A7-CF3596DFB8CA}.Debug|Any CPU.ActiveCfg = Debug|Any CPU
		{608DC7FC-DDD7-44B5-B6A7-CF3596DFB8CA}.Debug|Any CPU.Build.0 = Debug|Any CPU
		{608DC7FC-DDD7-44B5-B6A7-CF3596DFB8CA}.Release|Any CPU.ActiveCfg = Release|Any CPU
		{608DC7FC-DDD7-44B5-B6A7-CF3596DFB8CA}.Release|Any CPU.Build.0 = Release|Any CPU
		{827D75C1-BD27-44B0-99EB-5FEA0491CDFF}.Debug|Any CPU.ActiveCfg = Debug|Any CPU
		{827D75C1-BD27-44B0-99EB-5FEA0491CDFF}.Debug|Any CPU.Build.0 = Debug|Any CPU
		{827D75C1-BD27-44B0-99EB-5FEA0491CDFF}.Release|Any CPU.ActiveCfg = Release|Any CPU
		{827D75C1-BD27-44B0-99EB-5FEA0491CDFF}.Release|Any CPU.Build.0 = Release|Any CPU
	EndGlobalSection
	GlobalSection(SolutionProperties) = preSolution
		HideSolutionNode = FALSE
	EndGlobalSection
	GlobalSection(ExtensibilityGlobals) = postSolution
		SolutionGuid = {438857F8-A47F-4116-94AF-D12B43BDFC25}
	EndGlobalSection
EndGlobal
